
Microsoft Visual Studio Solution File, Format Version 12.00
# Visual Studio Version 16
VisualStudioVersion = 16.0.29519.87
MinimumVisualStudioVersion = 10.0.40219.1
Project("{FAE04EC0-301F-11D3-BF4B-00C04F79EFBC}") = "LearningNetcoreWebApp", "LearningNetcoreWebApp\LearningNetcoreWebApp.csproj", "{22A3A911-200B-47FB-AB48-AF6F8EB69327}"
EndProject
Global
	GlobalSection(SolutionConfigurationPlatforms) = preSolution
		Debug|Any CPU = Debug|Any CPU
		Release|Any CPU = Release|Any CPU
	EndGlobalSection
	GlobalSection(ProjectConfigurationPlatforms) = postSolution
		{22A3A911-200B-47FB-AB48-AF6F8EB69327}.Debug|Any CPU.ActiveCfg = Debug|Any CPU
		{22A3A911-200B-47FB-AB48-AF6F8EB69327}.Debug|Any CPU.Build.0 = Debug|Any CPU
		{22A3A911-200B-47FB-AB48-AF6F8EB69327}.Release|Any CPU.ActiveCfg = Release|Any CPU
		{22A3A911-200B-47FB-AB48-AF6F8EB69327}.Release|Any CPU.Build.0 = Release|Any CPU
	EndGlobalSection
	GlobalSection(SolutionProperties) = preSolution
		HideSolutionNode = FALSE
	EndGlobalSection
	GlobalSection(ExtensibilityGlobals) = postSolution
		SolutionGuid = {8B032842-9C1C-4B8F-85FD-EADBE0A3290F}
	EndGlobalSection
EndGlobal
